// !$*UTF8*$!
{
	archiveVersion = 1;
	classes = {
	};
	objectVersion = 56;
	objects = {

/* Begin PBXBuildFile section */
		6C1168D028F48A74000A0D65 /* FirebaseAnalyticsWithoutAdIdSupport in Frameworks */ = {isa = PBXBuildFile; productRef = 6C1168CF28F48A74000A0D65 /* FirebaseAnalyticsWithoutAdIdSupport */; };
		6C11692A28F49301000A0D65 /* WidgetKit.framework in Frameworks */ = {isa = PBXBuildFile; fileRef = 6CFA739F28E9BC5100F9AF7B /* WidgetKit.framework */; };
		6C11692B28F49301000A0D65 /* SwiftUI.framework in Frameworks */ = {isa = PBXBuildFile; fileRef = 6CFA73A128E9BC5100F9AF7B /* SwiftUI.framework */; };
		6C11692E28F49301000A0D65 /* WorldCupCountdown.swift in Sources */ = {isa = PBXBuildFile; fileRef = 6C11692D28F49301000A0D65 /* WorldCupCountdown.swift */; };
		6C11693128F49302000A0D65 /* Assets.xcassets in Resources */ = {isa = PBXBuildFile; fileRef = 6C11693028F49302000A0D65 /* Assets.xcassets */; };
		6C11693328F49302000A0D65 /* WorldCupCountdown.intentdefinition in Sources */ = {isa = PBXBuildFile; fileRef = 6C11692F28F49301000A0D65 /* WorldCupCountdown.intentdefinition */; };
		6C11693428F49302000A0D65 /* WorldCupCountdown.intentdefinition in Sources */ = {isa = PBXBuildFile; fileRef = 6C11692F28F49301000A0D65 /* WorldCupCountdown.intentdefinition */; };
		6C11693728F49302000A0D65 /* WorldCupCountdownExtension.appex in Embed Foundation Extensions */ = {isa = PBXBuildFile; fileRef = 6C11692928F49301000A0D65 /* WorldCupCountdownExtension.appex */; settings = {ATTRIBUTES = (RemoveHeadersOnCopy, ); }; };
		6C11694028F49437000A0D65 /* Intents.framework in Frameworks */ = {isa = PBXBuildFile; fileRef = 6C1168BF28F31807000A0D65 /* Intents.framework */; };
		6C11694328F49437000A0D65 /* IntentHandler.swift in Sources */ = {isa = PBXBuildFile; fileRef = 6C11694228F49437000A0D65 /* IntentHandler.swift */; };
		6C11694728F49437000A0D65 /* WorldCupIntent.appex in Embed Foundation Extensions */ = {isa = PBXBuildFile; fileRef = 6C11693F28F49437000A0D65 /* WorldCupIntent.appex */; settings = {ATTRIBUTES = (RemoveHeadersOnCopy, ); }; };
		6C11694B28F49464000A0D65 /* WorldCupCountdown.intentdefinition in Sources */ = {isa = PBXBuildFile; fileRef = 6C11692F28F49301000A0D65 /* WorldCupCountdown.intentdefinition */; };
		6C11694C28F4947F000A0D65 /* Teams.swift in Sources */ = {isa = PBXBuildFile; fileRef = 6CFA73B728EE276000F9AF7B /* Teams.swift */; };
		6C11694D28F49607000A0D65 /* Assets.xcassets in Resources */ = {isa = PBXBuildFile; fileRef = 6CFA736F28E9A4D400F9AF7B /* Assets.xcassets */; };
		6C11694E28F49626000A0D65 /* Teams.swift in Sources */ = {isa = PBXBuildFile; fileRef = 6CFA73B728EE276000F9AF7B /* Teams.swift */; };
		6C11694F28F49626000A0D65 /* WorldCupViewModel.swift in Sources */ = {isa = PBXBuildFile; fileRef = 6C70D84C28EF6B120091BD3C /* WorldCupViewModel.swift */; };
		6C11695228F49E29000A0D65 /* WorldCupView.swift in Sources */ = {isa = PBXBuildFile; fileRef = 6C11695128F49E29000A0D65 /* WorldCupView.swift */; };
		6C11695328F49E78000A0D65 /* WorldCupView.swift in Sources */ = {isa = PBXBuildFile; fileRef = 6C11695128F49E29000A0D65 /* WorldCupView.swift */; };
		6C626BAA28FA06840002BA15 /* PersistanceManager.swift in Sources */ = {isa = PBXBuildFile; fileRef = 6C626BA928FA06840002BA15 /* PersistanceManager.swift */; };
		6C626BAD28FA08290002BA15 /* UserDefaultsStore in Frameworks */ = {isa = PBXBuildFile; productRef = 6C626BAC28FA08290002BA15 /* UserDefaultsStore */; };
		6C626BB328FA093E0002BA15 /* ApiService.swift in Sources */ = {isa = PBXBuildFile; fileRef = 6C626BB228FA093E0002BA15 /* ApiService.swift */; };
		6C70D84B28EF575B0091BD3C /* GoogleService-Info.plist in Resources */ = {isa = PBXBuildFile; fileRef = 6C70D84A28EF575A0091BD3C /* GoogleService-Info.plist */; };
		6C70D84D28EF6B120091BD3C /* WorldCupViewModel.swift in Sources */ = {isa = PBXBuildFile; fileRef = 6C70D84C28EF6B120091BD3C /* WorldCupViewModel.swift */; };
		6C70D85228EF74430091BD3C /* TimeView.swift in Sources */ = {isa = PBXBuildFile; fileRef = 6C70D85128EF74430091BD3C /* TimeView.swift */; };
		6C70D85528EF7F670091BD3C /* WidgetView.swift in Sources */ = {isa = PBXBuildFile; fileRef = 6C70D85428EF7F670091BD3C /* WidgetView.swift */; };
		6CA784D028F88A2C003780CC /* FirebaseAnalyticsWithoutAdIdSupport in Frameworks */ = {isa = PBXBuildFile; productRef = 6CA784CF28F88A2C003780CC /* FirebaseAnalyticsWithoutAdIdSupport */; };
		6CA784D428F88ABB003780CC /* GoogleService-Info.plist in Resources */ = {isa = PBXBuildFile; fileRef = 6CA784D328F88ABB003780CC /* GoogleService-Info.plist */; };
		6CA784DA28F88BEA003780CC /* FirebaseFirestoreSwift in Frameworks */ = {isa = PBXBuildFile; productRef = 6CA784D928F88BEA003780CC /* FirebaseFirestoreSwift */; };
		6CA784DC28F88BF3003780CC /* FirebaseFirestoreSwift in Frameworks */ = {isa = PBXBuildFile; productRef = 6CA784DB28F88BF3003780CC /* FirebaseFirestoreSwift */; };
		6CA784DE28F89123003780CC /* Player.swift in Sources */ = {isa = PBXBuildFile; fileRef = 6CA784DD28F89123003780CC /* Player.swift */; };
		6CA784DF28F8918D003780CC /* Player.swift in Sources */ = {isa = PBXBuildFile; fileRef = 6CA784DD28F89123003780CC /* Player.swift */; };
		6CA784E128F892B8003780CC /* PlayersHorizontalView.swift in Sources */ = {isa = PBXBuildFile; fileRef = 6CA784E028F892B8003780CC /* PlayersHorizontalView.swift */; };
		6CA784E328F89302003780CC /* CountriesHorizontalView.swift in Sources */ = {isa = PBXBuildFile; fileRef = 6CA784E228F89302003780CC /* CountriesHorizontalView.swift */; };
		6CA784E528F893DC003780CC /* CountdownHeaderView.swift in Sources */ = {isa = PBXBuildFile; fileRef = 6CA784E428F893DC003780CC /* CountdownHeaderView.swift */; };
		6CA784E728F8940C003780CC /* SignatureWidgetHorizontalView.swift in Sources */ = {isa = PBXBuildFile; fileRef = 6CA784E628F8940C003780CC /* SignatureWidgetHorizontalView.swift */; };
		6CA784F228F89732003780CC /* SDWebImageSwiftUI in Frameworks */ = {isa = PBXBuildFile; productRef = 6CA784F128F89732003780CC /* SDWebImageSwiftUI */; };
		6CFA736C28E9A4D300F9AF7B /* WorldCup_2022_Countdown_WidgetsApp.swift in Sources */ = {isa = PBXBuildFile; fileRef = 6CFA736B28E9A4D300F9AF7B /* WorldCup_2022_Countdown_WidgetsApp.swift */; };
		6CFA736E28E9A4D300F9AF7B /* RootContainerView.swift in Sources */ = {isa = PBXBuildFile; fileRef = 6CFA736D28E9A4D300F9AF7B /* RootContainerView.swift */; };
		6CFA737028E9A4D400F9AF7B /* Assets.xcassets in Resources */ = {isa = PBXBuildFile; fileRef = 6CFA736F28E9A4D400F9AF7B /* Assets.xcassets */; };
		6CFA737328E9A4D400F9AF7B /* Preview Assets.xcassets in Resources */ = {isa = PBXBuildFile; fileRef = 6CFA737228E9A4D400F9AF7B /* Preview Assets.xcassets */; };
		6CFA737D28E9A4D500F9AF7B /* WorldCup_2022_Countdown_WidgetsTests.swift in Sources */ = {isa = PBXBuildFile; fileRef = 6CFA737C28E9A4D500F9AF7B /* WorldCup_2022_Countdown_WidgetsTests.swift */; };
		6CFA738728E9A4D500F9AF7B /* WorldCup_2022_Countdown_WidgetsUITests.swift in Sources */ = {isa = PBXBuildFile; fileRef = 6CFA738628E9A4D500F9AF7B /* WorldCup_2022_Countdown_WidgetsUITests.swift */; };
		6CFA738928E9A4D500F9AF7B /* WorldCup_2022_Countdown_WidgetsUITestsLaunchTests.swift in Sources */ = {isa = PBXBuildFile; fileRef = 6CFA738828E9A4D500F9AF7B /* WorldCup_2022_Countdown_WidgetsUITestsLaunchTests.swift */; };
		6CFA73B828EE276000F9AF7B /* Teams.swift in Sources */ = {isa = PBXBuildFile; fileRef = 6CFA73B728EE276000F9AF7B /* Teams.swift */; };
/* End PBXBuildFile section */

/* Begin PBXContainerItemProxy section */
		6C11693528F49302000A0D65 /* PBXContainerItemProxy */ = {
			isa = PBXContainerItemProxy;
			containerPortal = 6CFA736028E9A4D300F9AF7B /* Project object */;
			proxyType = 1;
			remoteGlobalIDString = 6C11692828F49301000A0D65;
			remoteInfo = WorldCupCountdownExtension;
		};
		6C11694528F49437000A0D65 /* PBXContainerItemProxy */ = {
			isa = PBXContainerItemProxy;
			containerPortal = 6CFA736028E9A4D300F9AF7B /* Project object */;
			proxyType = 1;
			remoteGlobalIDString = 6C11693E28F49437000A0D65;
			remoteInfo = WorldCupIntent;
		};
		6CFA737928E9A4D500F9AF7B /* PBXContainerItemProxy */ = {
			isa = PBXContainerItemProxy;
			containerPortal = 6CFA736028E9A4D300F9AF7B /* Project object */;
			proxyType = 1;
			remoteGlobalIDString = 6CFA736728E9A4D300F9AF7B;
			remoteInfo = "WorldCup 2022 Countdown Widgets";
		};
		6CFA738328E9A4D500F9AF7B /* PBXContainerItemProxy */ = {
			isa = PBXContainerItemProxy;
			containerPortal = 6CFA736028E9A4D300F9AF7B /* Project object */;
			proxyType = 1;
			remoteGlobalIDString = 6CFA736728E9A4D300F9AF7B;
			remoteInfo = "WorldCup 2022 Countdown Widgets";
		};
/* End PBXContainerItemProxy section */

/* Begin PBXCopyFilesBuildPhase section */
		6CFA73B228E9BC5400F9AF7B /* Embed Foundation Extensions */ = {
			isa = PBXCopyFilesBuildPhase;
			buildActionMask = 2147483647;
			dstPath = "";
			dstSubfolderSpec = 13;
			files = (
				6C11694728F49437000A0D65 /* WorldCupIntent.appex in Embed Foundation Extensions */,
				6C11693728F49302000A0D65 /* WorldCupCountdownExtension.appex in Embed Foundation Extensions */,
			);
			name = "Embed Foundation Extensions";
			runOnlyForDeploymentPostprocessing = 0;
		};
/* End PBXCopyFilesBuildPhase section */

/* Begin PBXFileReference section */
		6C1168B928F31102000A0D65 /* WorldCup-2022-Countdown-Widgets-Info.plist */ = {isa = PBXFileReference; lastKnownFileType = text.plist; path = "WorldCup-2022-Countdown-Widgets-Info.plist"; sourceTree = SOURCE_ROOT; };
		6C1168BF28F31807000A0D65 /* Intents.framework */ = {isa = PBXFileReference; lastKnownFileType = wrapper.framework; name = Intents.framework; path = System/Library/Frameworks/Intents.framework; sourceTree = SDKROOT; };
		6C11692928F49301000A0D65 /* WorldCupCountdownExtension.appex */ = {isa = PBXFileReference; explicitFileType = "wrapper.app-extension"; includeInIndex = 0; path = WorldCupCountdownExtension.appex; sourceTree = BUILT_PRODUCTS_DIR; };
		6C11692D28F49301000A0D65 /* WorldCupCountdown.swift */ = {isa = PBXFileReference; lastKnownFileType = sourcecode.swift; path = WorldCupCountdown.swift; sourceTree = "<group>"; };
		6C11692F28F49301000A0D65 /* WorldCupCountdown.intentdefinition */ = {isa = PBXFileReference; lastKnownFileType = file.intentdefinition; path = WorldCupCountdown.intentdefinition; sourceTree = "<group>"; };
		6C11693028F49302000A0D65 /* Assets.xcassets */ = {isa = PBXFileReference; lastKnownFileType = folder.assetcatalog; path = Assets.xcassets; sourceTree = "<group>"; };
		6C11693228F49302000A0D65 /* Info.plist */ = {isa = PBXFileReference; lastKnownFileType = text.plist.xml; path = Info.plist; sourceTree = "<group>"; };
		6C11693F28F49437000A0D65 /* WorldCupIntent.appex */ = {isa = PBXFileReference; explicitFileType = "wrapper.app-extension"; includeInIndex = 0; path = WorldCupIntent.appex; sourceTree = BUILT_PRODUCTS_DIR; };
		6C11694228F49437000A0D65 /* IntentHandler.swift */ = {isa = PBXFileReference; lastKnownFileType = sourcecode.swift; path = IntentHandler.swift; sourceTree = "<group>"; };
		6C11694428F49437000A0D65 /* Info.plist */ = {isa = PBXFileReference; lastKnownFileType = text.plist.xml; path = Info.plist; sourceTree = "<group>"; };
		6C11695128F49E29000A0D65 /* WorldCupView.swift */ = {isa = PBXFileReference; lastKnownFileType = sourcecode.swift; path = WorldCupView.swift; sourceTree = "<group>"; };
		6C626BA928FA06840002BA15 /* PersistanceManager.swift */ = {isa = PBXFileReference; lastKnownFileType = sourcecode.swift; path = PersistanceManager.swift; sourceTree = "<group>"; };
		6C626BAE28FA086F0002BA15 /* WorldCup 2022 Countdown Widgets.entitlements */ = {isa = PBXFileReference; lastKnownFileType = text.plist.entitlements; path = "WorldCup 2022 Countdown Widgets.entitlements"; sourceTree = "<group>"; };
		6C626BAF28FA088C0002BA15 /* WorldCupCountdownExtension.entitlements */ = {isa = PBXFileReference; lastKnownFileType = text.plist.entitlements; path = WorldCupCountdownExtension.entitlements; sourceTree = "<group>"; };
		6C626BB028FA08A60002BA15 /* WorldCupIntent.entitlements */ = {isa = PBXFileReference; lastKnownFileType = text.plist.entitlements; path = WorldCupIntent.entitlements; sourceTree = "<group>"; };
		6C626BB228FA093E0002BA15 /* ApiService.swift */ = {isa = PBXFileReference; lastKnownFileType = sourcecode.swift; path = ApiService.swift; sourceTree = "<group>"; };
		6C70D84A28EF575A0091BD3C /* GoogleService-Info.plist */ = {isa = PBXFileReference; fileEncoding = 4; lastKnownFileType = text.plist.xml; path = "GoogleService-Info.plist"; sourceTree = "<group>"; };
		6C70D84C28EF6B120091BD3C /* WorldCupViewModel.swift */ = {isa = PBXFileReference; lastKnownFileType = sourcecode.swift; path = WorldCupViewModel.swift; sourceTree = "<group>"; };
		6C70D85128EF74430091BD3C /* TimeView.swift */ = {isa = PBXFileReference; lastKnownFileType = sourcecode.swift; path = TimeView.swift; sourceTree = "<group>"; };
		6C70D85428EF7F670091BD3C /* WidgetView.swift */ = {isa = PBXFileReference; lastKnownFileType = sourcecode.swift; path = WidgetView.swift; sourceTree = "<group>"; };
		6CA784D328F88ABB003780CC /* GoogleService-Info.plist */ = {isa = PBXFileReference; lastKnownFileType = text.plist; name = "GoogleService-Info.plist"; path = "WorldCup 2022 Countdown Widgets/GoogleService-Info.plist"; sourceTree = SOURCE_ROOT; };
		6CA784DD28F89123003780CC /* Player.swift */ = {isa = PBXFileReference; lastKnownFileType = sourcecode.swift; path = Player.swift; sourceTree = "<group>"; };
		6CA784E028F892B8003780CC /* PlayersHorizontalView.swift */ = {isa = PBXFileReference; lastKnownFileType = sourcecode.swift; path = PlayersHorizontalView.swift; sourceTree = "<group>"; };
		6CA784E228F89302003780CC /* CountriesHorizontalView.swift */ = {isa = PBXFileReference; lastKnownFileType = sourcecode.swift; path = CountriesHorizontalView.swift; sourceTree = "<group>"; };
		6CA784E428F893DC003780CC /* CountdownHeaderView.swift */ = {isa = PBXFileReference; lastKnownFileType = sourcecode.swift; path = CountdownHeaderView.swift; sourceTree = "<group>"; };
		6CA784E628F8940C003780CC /* SignatureWidgetHorizontalView.swift */ = {isa = PBXFileReference; lastKnownFileType = sourcecode.swift; path = SignatureWidgetHorizontalView.swift; sourceTree = "<group>"; };
		6CFA736828E9A4D300F9AF7B /* WorldCup 2022 Countdown Widgets.app */ = {isa = PBXFileReference; explicitFileType = wrapper.application; includeInIndex = 0; path = "WorldCup 2022 Countdown Widgets.app"; sourceTree = BUILT_PRODUCTS_DIR; };
		6CFA736B28E9A4D300F9AF7B /* WorldCup_2022_Countdown_WidgetsApp.swift */ = {isa = PBXFileReference; lastKnownFileType = sourcecode.swift; path = WorldCup_2022_Countdown_WidgetsApp.swift; sourceTree = "<group>"; };
		6CFA736D28E9A4D300F9AF7B /* RootContainerView.swift */ = {isa = PBXFileReference; lastKnownFileType = sourcecode.swift; path = RootContainerView.swift; sourceTree = "<group>"; };
		6CFA736F28E9A4D400F9AF7B /* Assets.xcassets */ = {isa = PBXFileReference; lastKnownFileType = folder.assetcatalog; path = Assets.xcassets; sourceTree = "<group>"; };
		6CFA737228E9A4D400F9AF7B /* Preview Assets.xcassets */ = {isa = PBXFileReference; lastKnownFileType = folder.assetcatalog; path = "Preview Assets.xcassets"; sourceTree = "<group>"; };
		6CFA737828E9A4D500F9AF7B /* WorldCup 2022 Countdown WidgetsTests.xctest */ = {isa = PBXFileReference; explicitFileType = wrapper.cfbundle; includeInIndex = 0; path = "WorldCup 2022 Countdown WidgetsTests.xctest"; sourceTree = BUILT_PRODUCTS_DIR; };
		6CFA737C28E9A4D500F9AF7B /* WorldCup_2022_Countdown_WidgetsTests.swift */ = {isa = PBXFileReference; lastKnownFileType = sourcecode.swift; path = WorldCup_2022_Countdown_WidgetsTests.swift; sourceTree = "<group>"; };
		6CFA738228E9A4D500F9AF7B /* WorldCup 2022 Countdown WidgetsUITests.xctest */ = {isa = PBXFileReference; explicitFileType = wrapper.cfbundle; includeInIndex = 0; path = "WorldCup 2022 Countdown WidgetsUITests.xctest"; sourceTree = BUILT_PRODUCTS_DIR; };
		6CFA738628E9A4D500F9AF7B /* WorldCup_2022_Countdown_WidgetsUITests.swift */ = {isa = PBXFileReference; lastKnownFileType = sourcecode.swift; path = WorldCup_2022_Countdown_WidgetsUITests.swift; sourceTree = "<group>"; };
		6CFA738828E9A4D500F9AF7B /* WorldCup_2022_Countdown_WidgetsUITestsLaunchTests.swift */ = {isa = PBXFileReference; lastKnownFileType = sourcecode.swift; path = WorldCup_2022_Countdown_WidgetsUITestsLaunchTests.swift; sourceTree = "<group>"; };
		6CFA739F28E9BC5100F9AF7B /* WidgetKit.framework */ = {isa = PBXFileReference; lastKnownFileType = wrapper.framework; name = WidgetKit.framework; path = System/Library/Frameworks/WidgetKit.framework; sourceTree = SDKROOT; };
		6CFA73A128E9BC5100F9AF7B /* SwiftUI.framework */ = {isa = PBXFileReference; lastKnownFileType = wrapper.framework; name = SwiftUI.framework; path = System/Library/Frameworks/SwiftUI.framework; sourceTree = SDKROOT; };
		6CFA73B728EE276000F9AF7B /* Teams.swift */ = {isa = PBXFileReference; lastKnownFileType = sourcecode.swift; path = Teams.swift; sourceTree = "<group>"; };
/* End PBXFileReference section */

/* Begin PBXFrameworksBuildPhase section */
		6C11692628F49301000A0D65 /* Frameworks */ = {
			isa = PBXFrameworksBuildPhase;
			buildActionMask = 2147483647;
			files = (
				6CA784DC28F88BF3003780CC /* FirebaseFirestoreSwift in Frameworks */,
				6C11692B28F49301000A0D65 /* SwiftUI.framework in Frameworks */,
				6CA784D028F88A2C003780CC /* FirebaseAnalyticsWithoutAdIdSupport in Frameworks */,
				6C11692A28F49301000A0D65 /* WidgetKit.framework in Frameworks */,
			);
			runOnlyForDeploymentPostprocessing = 0;
		};
		6C11693C28F49437000A0D65 /* Frameworks */ = {
			isa = PBXFrameworksBuildPhase;
			buildActionMask = 2147483647;
			files = (
				6C11694028F49437000A0D65 /* Intents.framework in Frameworks */,
			);
			runOnlyForDeploymentPostprocessing = 0;
		};
		6CFA736528E9A4D300F9AF7B /* Frameworks */ = {
			isa = PBXFrameworksBuildPhase;
			buildActionMask = 2147483647;
			files = (
				6CA784F228F89732003780CC /* SDWebImageSwiftUI in Frameworks */,
				6C626BAD28FA08290002BA15 /* UserDefaultsStore in Frameworks */,
				6C1168D028F48A74000A0D65 /* FirebaseAnalyticsWithoutAdIdSupport in Frameworks */,
				6CA784DA28F88BEA003780CC /* FirebaseFirestoreSwift in Frameworks */,
			);
			runOnlyForDeploymentPostprocessing = 0;
		};
		6CFA737528E9A4D500F9AF7B /* Frameworks */ = {
			isa = PBXFrameworksBuildPhase;
			buildActionMask = 2147483647;
			files = (
			);
			runOnlyForDeploymentPostprocessing = 0;
		};
		6CFA737F28E9A4D500F9AF7B /* Frameworks */ = {
			isa = PBXFrameworksBuildPhase;
			buildActionMask = 2147483647;
			files = (
			);
			runOnlyForDeploymentPostprocessing = 0;
		};
/* End PBXFrameworksBuildPhase section */

/* Begin PBXGroup section */
		6C11692C28F49301000A0D65 /* WorldCupCountdown */ = {
			isa = PBXGroup;
			children = (
				6C626BB128FA092E0002BA15 /* ApiService */,
				6C11695028F49E1D000A0D65 /* View */,
				6C11692D28F49301000A0D65 /* WorldCupCountdown.swift */,
				6C11692F28F49301000A0D65 /* WorldCupCountdown.intentdefinition */,
				6CA784D328F88ABB003780CC /* GoogleService-Info.plist */,
				6C11693028F49302000A0D65 /* Assets.xcassets */,
				6C11693228F49302000A0D65 /* Info.plist */,
			);
			path = WorldCupCountdown;
			sourceTree = "<group>";
		};
		6C11694128F49437000A0D65 /* WorldCupIntent */ = {
			isa = PBXGroup;
			children = (
				6C626BB028FA08A60002BA15 /* WorldCupIntent.entitlements */,
				6C11694228F49437000A0D65 /* IntentHandler.swift */,
				6C11694428F49437000A0D65 /* Info.plist */,
			);
			path = WorldCupIntent;
			sourceTree = "<group>";
		};
		6C11695028F49E1D000A0D65 /* View */ = {
			isa = PBXGroup;
			children = (
				6C11695128F49E29000A0D65 /* WorldCupView.swift */,
			);
			path = View;
			sourceTree = "<group>";
		};
		6C626BB128FA092E0002BA15 /* ApiService */ = {
			isa = PBXGroup;
			children = (
				6C626BB228FA093E0002BA15 /* ApiService.swift */,
			);
			path = ApiService;
			sourceTree = "<group>";
		};
		6C70D84F28EF74220091BD3C /* Containers */ = {
			isa = PBXGroup;
			children = (
				6CFA736D28E9A4D300F9AF7B /* RootContainerView.swift */,
			);
			path = Containers;
			sourceTree = "<group>";
		};
		6C70D85028EF742C0091BD3C /* Components */ = {
			isa = PBXGroup;
			children = (
				6C70D85128EF74430091BD3C /* TimeView.swift */,
				6C70D85428EF7F670091BD3C /* WidgetView.swift */,
				6CA784E028F892B8003780CC /* PlayersHorizontalView.swift */,
				6CA784E228F89302003780CC /* CountriesHorizontalView.swift */,
				6CA784E428F893DC003780CC /* CountdownHeaderView.swift */,
				6CA784E628F8940C003780CC /* SignatureWidgetHorizontalView.swift */,
			);
			path = Components;
			sourceTree = "<group>";
		};
		6CFA735F28E9A4D300F9AF7B = {
			isa = PBXGroup;
			children = (
				6C626BAF28FA088C0002BA15 /* WorldCupCountdownExtension.entitlements */,
				6CFA736A28E9A4D300F9AF7B /* WorldCup 2022 Countdown Widgets */,
				6CFA737B28E9A4D500F9AF7B /* WorldCup 2022 Countdown WidgetsTests */,
				6CFA738528E9A4D500F9AF7B /* WorldCup 2022 Countdown WidgetsUITests */,
				6C11692C28F49301000A0D65 /* WorldCupCountdown */,
				6C11694128F49437000A0D65 /* WorldCupIntent */,
				6CFA739E28E9BC5100F9AF7B /* Frameworks */,
				6CFA736928E9A4D300F9AF7B /* Products */,
			);
			sourceTree = "<group>";
		};
		6CFA736928E9A4D300F9AF7B /* Products */ = {
			isa = PBXGroup;
			children = (
				6CFA736828E9A4D300F9AF7B /* WorldCup 2022 Countdown Widgets.app */,
				6CFA737828E9A4D500F9AF7B /* WorldCup 2022 Countdown WidgetsTests.xctest */,
				6CFA738228E9A4D500F9AF7B /* WorldCup 2022 Countdown WidgetsUITests.xctest */,
				6C11692928F49301000A0D65 /* WorldCupCountdownExtension.appex */,
				6C11693F28F49437000A0D65 /* WorldCupIntent.appex */,
			);
			name = Products;
			sourceTree = "<group>";
		};
		6CFA736A28E9A4D300F9AF7B /* WorldCup 2022 Countdown Widgets */ = {
			isa = PBXGroup;
			children = (
				6C626BAE28FA086F0002BA15 /* WorldCup 2022 Countdown Widgets.entitlements */,
				6C1168B928F31102000A0D65 /* WorldCup-2022-Countdown-Widgets-Info.plist */,
				6C70D84A28EF575A0091BD3C /* GoogleService-Info.plist */,
				6CFA739828E9BBE000F9AF7B /* Storage */,
				6CFA73B628EE274200F9AF7B /* Models */,
				6CFA739728E9BBD800F9AF7B /* ViewModel */,
				6CFA739628E9BBCF00F9AF7B /* View */,
				6CFA739528E9BBBF00F9AF7B /* App */,
				6CFA737128E9A4D400F9AF7B /* Preview Content */,
			);
			path = "WorldCup 2022 Countdown Widgets";
			sourceTree = "<group>";
		};
		6CFA737128E9A4D400F9AF7B /* Preview Content */ = {
			isa = PBXGroup;
			children = (
				6CFA737228E9A4D400F9AF7B /* Preview Assets.xcassets */,
			);
			path = "Preview Content";
			sourceTree = "<group>";
		};
		6CFA737B28E9A4D500F9AF7B /* WorldCup 2022 Countdown WidgetsTests */ = {
			isa = PBXGroup;
			children = (
				6CFA737C28E9A4D500F9AF7B /* WorldCup_2022_Countdown_WidgetsTests.swift */,
			);
			path = "WorldCup 2022 Countdown WidgetsTests";
			sourceTree = "<group>";
		};
		6CFA738528E9A4D500F9AF7B /* WorldCup 2022 Countdown WidgetsUITests */ = {
			isa = PBXGroup;
			children = (
				6CFA738628E9A4D500F9AF7B /* WorldCup_2022_Countdown_WidgetsUITests.swift */,
				6CFA738828E9A4D500F9AF7B /* WorldCup_2022_Countdown_WidgetsUITestsLaunchTests.swift */,
			);
			path = "WorldCup 2022 Countdown WidgetsUITests";
			sourceTree = "<group>";
		};
		6CFA739528E9BBBF00F9AF7B /* App */ = {
			isa = PBXGroup;
			children = (
				6CFA736B28E9A4D300F9AF7B /* WorldCup_2022_Countdown_WidgetsApp.swift */,
				6CFA736F28E9A4D400F9AF7B /* Assets.xcassets */,
			);
			path = App;
			sourceTree = "<group>";
		};
		6CFA739628E9BBCF00F9AF7B /* View */ = {
			isa = PBXGroup;
			children = (
				6C70D84F28EF74220091BD3C /* Containers */,
				6C70D85028EF742C0091BD3C /* Components */,
			);
			path = View;
			sourceTree = "<group>";
		};
		6CFA739728E9BBD800F9AF7B /* ViewModel */ = {
			isa = PBXGroup;
			children = (
				6C70D84C28EF6B120091BD3C /* WorldCupViewModel.swift */,
			);
			path = ViewModel;
			sourceTree = "<group>";
		};
		6CFA739828E9BBE000F9AF7B /* Storage */ = {
			isa = PBXGroup;
			children = (
				6C626BA928FA06840002BA15 /* PersistanceManager.swift */,
			);
			path = Storage;
			sourceTree = "<group>";
		};
		6CFA739E28E9BC5100F9AF7B /* Frameworks */ = {
			isa = PBXGroup;
			children = (
				6CFA739F28E9BC5100F9AF7B /* WidgetKit.framework */,
				6CFA73A128E9BC5100F9AF7B /* SwiftUI.framework */,
				6C1168BF28F31807000A0D65 /* Intents.framework */,
			);
			name = Frameworks;
			sourceTree = "<group>";
		};
		6CFA73B628EE274200F9AF7B /* Models */ = {
			isa = PBXGroup;
			children = (
				6CFA73B728EE276000F9AF7B /* Teams.swift */,
				6CA784DD28F89123003780CC /* Player.swift */,
			);
			path = Models;
			sourceTree = "<group>";
		};
/* End PBXGroup section */

/* Begin PBXNativeTarget section */
		6C11692828F49301000A0D65 /* WorldCupCountdownExtension */ = {
			isa = PBXNativeTarget;
			buildConfigurationList = 6C11693828F49302000A0D65 /* Build configuration list for PBXNativeTarget "WorldCupCountdownExtension" */;
			buildPhases = (
				6C11692528F49301000A0D65 /* Sources */,
				6C11692628F49301000A0D65 /* Frameworks */,
				6C11692728F49301000A0D65 /* Resources */,
			);
			buildRules = (
			);
			dependencies = (
			);
			name = WorldCupCountdownExtension;
			packageProductDependencies = (
				6CA784CF28F88A2C003780CC /* FirebaseAnalyticsWithoutAdIdSupport */,
				6CA784DB28F88BF3003780CC /* FirebaseFirestoreSwift */,
			);
			productName = WorldCupCountdownExtension;
			productReference = 6C11692928F49301000A0D65 /* WorldCupCountdownExtension.appex */;
			productType = "com.apple.product-type.app-extension";
		};
		6C11693E28F49437000A0D65 /* WorldCupIntent */ = {
			isa = PBXNativeTarget;
			buildConfigurationList = 6C11694828F49437000A0D65 /* Build configuration list for PBXNativeTarget "WorldCupIntent" */;
			buildPhases = (
				6C11693B28F49437000A0D65 /* Sources */,
				6C11693C28F49437000A0D65 /* Frameworks */,
				6C11693D28F49437000A0D65 /* Resources */,
			);
			buildRules = (
			);
			dependencies = (
			);
			name = WorldCupIntent;
			productName = WorldCupIntent;
			productReference = 6C11693F28F49437000A0D65 /* WorldCupIntent.appex */;
			productType = "com.apple.product-type.app-extension";
		};
		6CFA736728E9A4D300F9AF7B /* WorldCup 2022 Countdown Widgets */ = {
			isa = PBXNativeTarget;
			buildConfigurationList = 6CFA738C28E9A4D500F9AF7B /* Build configuration list for PBXNativeTarget "WorldCup 2022 Countdown Widgets" */;
			buildPhases = (
				6CFA736428E9A4D300F9AF7B /* Sources */,
				6CFA736528E9A4D300F9AF7B /* Frameworks */,
				6CFA736628E9A4D300F9AF7B /* Resources */,
				6CFA73B228E9BC5400F9AF7B /* Embed Foundation Extensions */,
			);
			buildRules = (
			);
			dependencies = (
				6C11693628F49302000A0D65 /* PBXTargetDependency */,
				6C11694628F49437000A0D65 /* PBXTargetDependency */,
			);
			name = "WorldCup 2022 Countdown Widgets";
			packageProductDependencies = (
				6C1168CF28F48A74000A0D65 /* FirebaseAnalyticsWithoutAdIdSupport */,
				6CA784D928F88BEA003780CC /* FirebaseFirestoreSwift */,
				6CA784F128F89732003780CC /* SDWebImageSwiftUI */,
				6C626BAC28FA08290002BA15 /* UserDefaultsStore */,
			);
			productName = "WorldCup 2022 Countdown Widgets";
			productReference = 6CFA736828E9A4D300F9AF7B /* WorldCup 2022 Countdown Widgets.app */;
			productType = "com.apple.product-type.application";
		};
		6CFA737728E9A4D500F9AF7B /* WorldCup 2022 Countdown WidgetsTests */ = {
			isa = PBXNativeTarget;
			buildConfigurationList = 6CFA738F28E9A4D500F9AF7B /* Build configuration list for PBXNativeTarget "WorldCup 2022 Countdown WidgetsTests" */;
			buildPhases = (
				6CFA737428E9A4D500F9AF7B /* Sources */,
				6CFA737528E9A4D500F9AF7B /* Frameworks */,
				6CFA737628E9A4D500F9AF7B /* Resources */,
			);
			buildRules = (
			);
			dependencies = (
				6CFA737A28E9A4D500F9AF7B /* PBXTargetDependency */,
			);
			name = "WorldCup 2022 Countdown WidgetsTests";
			productName = "WorldCup 2022 Countdown WidgetsTests";
			productReference = 6CFA737828E9A4D500F9AF7B /* WorldCup 2022 Countdown WidgetsTests.xctest */;
			productType = "com.apple.product-type.bundle.unit-test";
		};
		6CFA738128E9A4D500F9AF7B /* WorldCup 2022 Countdown WidgetsUITests */ = {
			isa = PBXNativeTarget;
			buildConfigurationList = 6CFA739228E9A4D500F9AF7B /* Build configuration list for PBXNativeTarget "WorldCup 2022 Countdown WidgetsUITests" */;
			buildPhases = (
				6CFA737E28E9A4D500F9AF7B /* Sources */,
				6CFA737F28E9A4D500F9AF7B /* Frameworks */,
				6CFA738028E9A4D500F9AF7B /* Resources */,
			);
			buildRules = (
			);
			dependencies = (
				6CFA738428E9A4D500F9AF7B /* PBXTargetDependency */,
			);
			name = "WorldCup 2022 Countdown WidgetsUITests";
			productName = "WorldCup 2022 Countdown WidgetsUITests";
			productReference = 6CFA738228E9A4D500F9AF7B /* WorldCup 2022 Countdown WidgetsUITests.xctest */;
			productType = "com.apple.product-type.bundle.ui-testing";
		};
/* End PBXNativeTarget section */

/* Begin PBXProject section */
		6CFA736028E9A4D300F9AF7B /* Project object */ = {
			isa = PBXProject;
			attributes = {
				BuildIndependentTargetsInParallel = 1;
				LastSwiftUpdateCheck = 1400;
				LastUpgradeCheck = 1400;
				TargetAttributes = {
					6C11692828F49301000A0D65 = {
						CreatedOnToolsVersion = 14.0.1;
					};
					6C11693E28F49437000A0D65 = {
						CreatedOnToolsVersion = 14.0.1;
					};
					6CFA736728E9A4D300F9AF7B = {
						CreatedOnToolsVersion = 14.0.1;
					};
					6CFA737728E9A4D500F9AF7B = {
						CreatedOnToolsVersion = 14.0.1;
						TestTargetID = 6CFA736728E9A4D300F9AF7B;
					};
					6CFA738128E9A4D500F9AF7B = {
						CreatedOnToolsVersion = 14.0.1;
						TestTargetID = 6CFA736728E9A4D300F9AF7B;
					};
				};
			};
			buildConfigurationList = 6CFA736328E9A4D300F9AF7B /* Build configuration list for PBXProject "WorldCup 2022 Countdown Widgets" */;
			compatibilityVersion = "Xcode 14.0";
			developmentRegion = en;
			hasScannedForEncodings = 0;
			knownRegions = (
				en,
				Base,
			);
			mainGroup = 6CFA735F28E9A4D300F9AF7B;
			packageReferences = (
				6C1168CE28F48A74000A0D65 /* XCRemoteSwiftPackageReference "firebase-ios-sdk" */,
				6CA784F028F89732003780CC /* XCRemoteSwiftPackageReference "SDWebImageSwiftUI" */,
				6C626BAB28FA08290002BA15 /* XCRemoteSwiftPackageReference "UserDefaultsStore" */,
			);
			productRefGroup = 6CFA736928E9A4D300F9AF7B /* Products */;
			projectDirPath = "";
			projectRoot = "";
			targets = (
				6CFA736728E9A4D300F9AF7B /* WorldCup 2022 Countdown Widgets */,
				6CFA737728E9A4D500F9AF7B /* WorldCup 2022 Countdown WidgetsTests */,
				6CFA738128E9A4D500F9AF7B /* WorldCup 2022 Countdown WidgetsUITests */,
				6C11692828F49301000A0D65 /* WorldCupCountdownExtension */,
				6C11693E28F49437000A0D65 /* WorldCupIntent */,
			);
		};
/* End PBXProject section */

/* Begin PBXResourcesBuildPhase section */
		6C11692728F49301000A0D65 /* Resources */ = {
			isa = PBXResourcesBuildPhase;
			buildActionMask = 2147483647;
			files = (
				6C11694D28F49607000A0D65 /* Assets.xcassets in Resources */,
				6C11693128F49302000A0D65 /* Assets.xcassets in Resources */,
				6CA784D428F88ABB003780CC /* GoogleService-Info.plist in Resources */,
			);
			runOnlyForDeploymentPostprocessing = 0;
		};
		6C11693D28F49437000A0D65 /* Resources */ = {
			isa = PBXResourcesBuildPhase;
			buildActionMask = 2147483647;
			files = (
			);
			runOnlyForDeploymentPostprocessing = 0;
		};
		6CFA736628E9A4D300F9AF7B /* Resources */ = {
			isa = PBXResourcesBuildPhase;
			buildActionMask = 2147483647;
			files = (
				6CFA737328E9A4D400F9AF7B /* Preview Assets.xcassets in Resources */,
				6CFA737028E9A4D400F9AF7B /* Assets.xcassets in Resources */,
				6C70D84B28EF575B0091BD3C /* GoogleService-Info.plist in Resources */,
			);
			runOnlyForDeploymentPostprocessing = 0;
		};
		6CFA737628E9A4D500F9AF7B /* Resources */ = {
			isa = PBXResourcesBuildPhase;
			buildActionMask = 2147483647;
			files = (
			);
			runOnlyForDeploymentPostprocessing = 0;
		};
		6CFA738028E9A4D500F9AF7B /* Resources */ = {
			isa = PBXResourcesBuildPhase;
			buildActionMask = 2147483647;
			files = (
			);
			runOnlyForDeploymentPostprocessing = 0;
		};
/* End PBXResourcesBuildPhase section */

/* Begin PBXSourcesBuildPhase section */
		6C11692528F49301000A0D65 /* Sources */ = {
			isa = PBXSourcesBuildPhase;
			buildActionMask = 2147483647;
			files = (
				6C11694E28F49626000A0D65 /* Teams.swift in Sources */,
				6C11693328F49302000A0D65 /* WorldCupCountdown.intentdefinition in Sources */,
				6C11695328F49E78000A0D65 /* WorldCupView.swift in Sources */,
				6C11694F28F49626000A0D65 /* WorldCupViewModel.swift in Sources */,
				6CA784DF28F8918D003780CC /* Player.swift in Sources */,
				6C11692E28F49301000A0D65 /* WorldCupCountdown.swift in Sources */,
			);
			runOnlyForDeploymentPostprocessing = 0;
		};
		6C11693B28F49437000A0D65 /* Sources */ = {
			isa = PBXSourcesBuildPhase;
			buildActionMask = 2147483647;
			files = (
				6C11694C28F4947F000A0D65 /* Teams.swift in Sources */,
				6C11694B28F49464000A0D65 /* WorldCupCountdown.intentdefinition in Sources */,
				6C11694328F49437000A0D65 /* IntentHandler.swift in Sources */,
			);
			runOnlyForDeploymentPostprocessing = 0;
		};
		6CFA736428E9A4D300F9AF7B /* Sources */ = {
			isa = PBXSourcesBuildPhase;
			buildActionMask = 2147483647;
			files = (
				6C11695228F49E29000A0D65 /* WorldCupView.swift in Sources */,
				6CA784E528F893DC003780CC /* CountdownHeaderView.swift in Sources */,
				6CFA73B828EE276000F9AF7B /* Teams.swift in Sources */,
				6CA784E728F8940C003780CC /* SignatureWidgetHorizontalView.swift in Sources */,
				6CA784E328F89302003780CC /* CountriesHorizontalView.swift in Sources */,
				6C70D85528EF7F670091BD3C /* WidgetView.swift in Sources */,
				6CA784E128F892B8003780CC /* PlayersHorizontalView.swift in Sources */,
				6C11693428F49302000A0D65 /* WorldCupCountdown.intentdefinition in Sources */,
				6CFA736E28E9A4D300F9AF7B /* RootContainerView.swift in Sources */,
				6CFA736C28E9A4D300F9AF7B /* WorldCup_2022_Countdown_WidgetsApp.swift in Sources */,
				6C70D84D28EF6B120091BD3C /* WorldCupViewModel.swift in Sources */,
				6C626BB328FA093E0002BA15 /* ApiService.swift in Sources */,
				6CA784DE28F89123003780CC /* Player.swift in Sources */,
				6C70D85228EF74430091BD3C /* TimeView.swift in Sources */,
				6C626BAA28FA06840002BA15 /* PersistanceManager.swift in Sources */,
			);
			runOnlyForDeploymentPostprocessing = 0;
		};
		6CFA737428E9A4D500F9AF7B /* Sources */ = {
			isa = PBXSourcesBuildPhase;
			buildActionMask = 2147483647;
			files = (
				6CFA737D28E9A4D500F9AF7B /* WorldCup_2022_Countdown_WidgetsTests.swift in Sources */,
			);
			runOnlyForDeploymentPostprocessing = 0;
		};
		6CFA737E28E9A4D500F9AF7B /* Sources */ = {
			isa = PBXSourcesBuildPhase;
			buildActionMask = 2147483647;
			files = (
				6CFA738928E9A4D500F9AF7B /* WorldCup_2022_Countdown_WidgetsUITestsLaunchTests.swift in Sources */,
				6CFA738728E9A4D500F9AF7B /* WorldCup_2022_Countdown_WidgetsUITests.swift in Sources */,
			);
			runOnlyForDeploymentPostprocessing = 0;
		};
/* End PBXSourcesBuildPhase section */

/* Begin PBXTargetDependency section */
		6C11693628F49302000A0D65 /* PBXTargetDependency */ = {
			isa = PBXTargetDependency;
			target = 6C11692828F49301000A0D65 /* WorldCupCountdownExtension */;
			targetProxy = 6C11693528F49302000A0D65 /* PBXContainerItemProxy */;
		};
		6C11694628F49437000A0D65 /* PBXTargetDependency */ = {
			isa = PBXTargetDependency;
			target = 6C11693E28F49437000A0D65 /* WorldCupIntent */;
			targetProxy = 6C11694528F49437000A0D65 /* PBXContainerItemProxy */;
		};
		6CFA737A28E9A4D500F9AF7B /* PBXTargetDependency */ = {
			isa = PBXTargetDependency;
			target = 6CFA736728E9A4D300F9AF7B /* WorldCup 2022 Countdown Widgets */;
			targetProxy = 6CFA737928E9A4D500F9AF7B /* PBXContainerItemProxy */;
		};
		6CFA738428E9A4D500F9AF7B /* PBXTargetDependency */ = {
			isa = PBXTargetDependency;
			target = 6CFA736728E9A4D300F9AF7B /* WorldCup 2022 Countdown Widgets */;
			targetProxy = 6CFA738328E9A4D500F9AF7B /* PBXContainerItemProxy */;
		};
/* End PBXTargetDependency section */

/* Begin XCBuildConfiguration section */
		6C11693928F49302000A0D65 /* Debug */ = {
			isa = XCBuildConfiguration;
			buildSettings = {
				ASSETCATALOG_COMPILER_GLOBAL_ACCENT_COLOR_NAME = AccentColor;
				ASSETCATALOG_COMPILER_WIDGET_BACKGROUND_COLOR_NAME = WidgetBackground;
				CODE_SIGN_ENTITLEMENTS = WorldCupCountdownExtension.entitlements;
				CODE_SIGN_STYLE = Automatic;
				CURRENT_PROJECT_VERSION = 1;
				DEVELOPMENT_TEAM = A3H2F8CC68;
				GENERATE_INFOPLIST_FILE = YES;
				INFOPLIST_FILE = WorldCupCountdown/Info.plist;
				INFOPLIST_KEY_CFBundleDisplayName = WorldCupCountdown;
				INFOPLIST_KEY_NSHumanReadableCopyright = "";
				LD_RUNPATH_SEARCH_PATHS = (
					"$(inherited)",
					"@executable_path/Frameworks",
					"@executable_path/../../Frameworks",
				);
				MARKETING_VERSION = 1.0;
				PRODUCT_BUNDLE_IDENTIFIER = "com.pankajgaikar.WorldCup-2022-Countdown-Widgets.WorldCupCountdown";
				PRODUCT_NAME = "$(TARGET_NAME)";
				SKIP_INSTALL = YES;
				SWIFT_EMIT_LOC_STRINGS = YES;
				SWIFT_VERSION = 5.0;
				TARGETED_DEVICE_FAMILY = "1,2";
			};
			name = Debug;
		};
		6C11693A28F49302000A0D65 /* Release */ = {
			isa = XCBuildConfiguration;
			buildSettings = {
				ASSETCATALOG_COMPILER_GLOBAL_ACCENT_COLOR_NAME = AccentColor;
				ASSETCATALOG_COMPILER_WIDGET_BACKGROUND_COLOR_NAME = WidgetBackground;
				CODE_SIGN_ENTITLEMENTS = WorldCupCountdownExtension.entitlements;
				CODE_SIGN_STYLE = Automatic;
				CURRENT_PROJECT_VERSION = 1;
				DEVELOPMENT_TEAM = A3H2F8CC68;
				GENERATE_INFOPLIST_FILE = YES;
				INFOPLIST_FILE = WorldCupCountdown/Info.plist;
				INFOPLIST_KEY_CFBundleDisplayName = WorldCupCountdown;
				INFOPLIST_KEY_NSHumanReadableCopyright = "";
				LD_RUNPATH_SEARCH_PATHS = (
					"$(inherited)",
					"@executable_path/Frameworks",
					"@executable_path/../../Frameworks",
				);
				MARKETING_VERSION = 1.0;
				PRODUCT_BUNDLE_IDENTIFIER = "com.pankajgaikar.WorldCup-2022-Countdown-Widgets.WorldCupCountdown";
				PRODUCT_NAME = "$(TARGET_NAME)";
				SKIP_INSTALL = YES;
				SWIFT_EMIT_LOC_STRINGS = YES;
				SWIFT_VERSION = 5.0;
				TARGETED_DEVICE_FAMILY = "1,2";
			};
			name = Release;
		};
		6C11694928F49437000A0D65 /* Debug */ = {
			isa = XCBuildConfiguration;
			buildSettings = {
				CODE_SIGN_ENTITLEMENTS = WorldCupIntent/WorldCupIntent.entitlements;
				CODE_SIGN_STYLE = Automatic;
				CURRENT_PROJECT_VERSION = 1;
				DEVELOPMENT_TEAM = A3H2F8CC68;
				GENERATE_INFOPLIST_FILE = YES;
				INFOPLIST_FILE = WorldCupIntent/Info.plist;
				INFOPLIST_KEY_CFBundleDisplayName = WorldCupIntent;
				INFOPLIST_KEY_NSHumanReadableCopyright = "";
				LD_RUNPATH_SEARCH_PATHS = (
					"$(inherited)",
					"@executable_path/Frameworks",
					"@executable_path/../../Frameworks",
				);
				MARKETING_VERSION = 1.0;
				PRODUCT_BUNDLE_IDENTIFIER = "com.pankajgaikar.WorldCup-2022-Countdown-Widgets.WorldCupIntent";
				PRODUCT_NAME = "$(TARGET_NAME)";
				SKIP_INSTALL = YES;
				SWIFT_EMIT_LOC_STRINGS = YES;
				SWIFT_VERSION = 5.0;
				TARGETED_DEVICE_FAMILY = "1,2";
			};
			name = Debug;
		};
		6C11694A28F49437000A0D65 /* Release */ = {
			isa = XCBuildConfiguration;
			buildSettings = {
				CODE_SIGN_ENTITLEMENTS = WorldCupIntent/WorldCupIntent.entitlements;
				CODE_SIGN_STYLE = Automatic;
				CURRENT_PROJECT_VERSION = 1;
				DEVELOPMENT_TEAM = A3H2F8CC68;
				GENERATE_INFOPLIST_FILE = YES;
				INFOPLIST_FILE = WorldCupIntent/Info.plist;
				INFOPLIST_KEY_CFBundleDisplayName = WorldCupIntent;
				INFOPLIST_KEY_NSHumanReadableCopyright = "";
				LD_RUNPATH_SEARCH_PATHS = (
					"$(inherited)",
					"@executable_path/Frameworks",
					"@executable_path/../../Frameworks",
				);
				MARKETING_VERSION = 1.0;
				PRODUCT_BUNDLE_IDENTIFIER = "com.pankajgaikar.WorldCup-2022-Countdown-Widgets.WorldCupIntent";
				PRODUCT_NAME = "$(TARGET_NAME)";
				SKIP_INSTALL = YES;
				SWIFT_EMIT_LOC_STRINGS = YES;
				SWIFT_VERSION = 5.0;
				TARGETED_DEVICE_FAMILY = "1,2";
			};
			name = Release;
		};
		6CFA738A28E9A4D500F9AF7B /* Debug */ = {
			isa = XCBuildConfiguration;
			buildSettings = {
				ALWAYS_SEARCH_USER_PATHS = NO;
				CLANG_ANALYZER_NONNULL = YES;
				CLANG_ANALYZER_NUMBER_OBJECT_CONVERSION = YES_AGGRESSIVE;
				CLANG_CXX_LANGUAGE_STANDARD = "gnu++20";
				CLANG_ENABLE_MODULES = YES;
				CLANG_ENABLE_OBJC_ARC = YES;
				CLANG_ENABLE_OBJC_WEAK = YES;
				CLANG_WARN_BLOCK_CAPTURE_AUTORELEASING = YES;
				CLANG_WARN_BOOL_CONVERSION = YES;
				CLANG_WARN_COMMA = YES;
				CLANG_WARN_CONSTANT_CONVERSION = YES;
				CLANG_WARN_DEPRECATED_OBJC_IMPLEMENTATIONS = YES;
				CLANG_WARN_DIRECT_OBJC_ISA_USAGE = YES_ERROR;
				CLANG_WARN_DOCUMENTATION_COMMENTS = YES;
				CLANG_WARN_EMPTY_BODY = YES;
				CLANG_WARN_ENUM_CONVERSION = YES;
				CLANG_WARN_INFINITE_RECURSION = YES;
				CLANG_WARN_INT_CONVERSION = YES;
				CLANG_WARN_NON_LITERAL_NULL_CONVERSION = YES;
				CLANG_WARN_OBJC_IMPLICIT_RETAIN_SELF = YES;
				CLANG_WARN_OBJC_LITERAL_CONVERSION = YES;
				CLANG_WARN_OBJC_ROOT_CLASS = YES_ERROR;
				CLANG_WARN_QUOTED_INCLUDE_IN_FRAMEWORK_HEADER = YES;
				CLANG_WARN_RANGE_LOOP_ANALYSIS = YES;
				CLANG_WARN_STRICT_PROTOTYPES = YES;
				CLANG_WARN_SUSPICIOUS_MOVE = YES;
				CLANG_WARN_UNGUARDED_AVAILABILITY = YES_AGGRESSIVE;
				CLANG_WARN_UNREACHABLE_CODE = YES;
				CLANG_WARN__DUPLICATE_METHOD_MATCH = YES;
				COPY_PHASE_STRIP = NO;
				DEBUG_INFORMATION_FORMAT = dwarf;
				ENABLE_STRICT_OBJC_MSGSEND = YES;
				ENABLE_TESTABILITY = YES;
				GCC_C_LANGUAGE_STANDARD = gnu11;
				GCC_DYNAMIC_NO_PIC = NO;
				GCC_NO_COMMON_BLOCKS = YES;
				GCC_OPTIMIZATION_LEVEL = 0;
				GCC_PREPROCESSOR_DEFINITIONS = (
					"DEBUG=1",
					"$(inherited)",
				);
				GCC_WARN_64_TO_32_BIT_CONVERSION = YES;
				GCC_WARN_ABOUT_RETURN_TYPE = YES_ERROR;
				GCC_WARN_UNDECLARED_SELECTOR = YES;
				GCC_WARN_UNINITIALIZED_AUTOS = YES_AGGRESSIVE;
				GCC_WARN_UNUSED_FUNCTION = YES;
				GCC_WARN_UNUSED_VARIABLE = YES;
				IPHONEOS_DEPLOYMENT_TARGET = 16.0;
				MTL_ENABLE_DEBUG_INFO = INCLUDE_SOURCE;
				MTL_FAST_MATH = YES;
				ONLY_ACTIVE_ARCH = YES;
				SDKROOT = iphoneos;
				SWIFT_ACTIVE_COMPILATION_CONDITIONS = DEBUG;
				SWIFT_OPTIMIZATION_LEVEL = "-Onone";
			};
			name = Debug;
		};
		6CFA738B28E9A4D500F9AF7B /* Release */ = {
			isa = XCBuildConfiguration;
			buildSettings = {
				ALWAYS_SEARCH_USER_PATHS = NO;
				CLANG_ANALYZER_NONNULL = YES;
				CLANG_ANALYZER_NUMBER_OBJECT_CONVERSION = YES_AGGRESSIVE;
				CLANG_CXX_LANGUAGE_STANDARD = "gnu++20";
				CLANG_ENABLE_MODULES = YES;
				CLANG_ENABLE_OBJC_ARC = YES;
				CLANG_ENABLE_OBJC_WEAK = YES;
				CLANG_WARN_BLOCK_CAPTURE_AUTORELEASING = YES;
				CLANG_WARN_BOOL_CONVERSION = YES;
				CLANG_WARN_COMMA = YES;
				CLANG_WARN_CONSTANT_CONVERSION = YES;
				CLANG_WARN_DEPRECATED_OBJC_IMPLEMENTATIONS = YES;
				CLANG_WARN_DIRECT_OBJC_ISA_USAGE = YES_ERROR;
				CLANG_WARN_DOCUMENTATION_COMMENTS = YES;
				CLANG_WARN_EMPTY_BODY = YES;
				CLANG_WARN_ENUM_CONVERSION = YES;
				CLANG_WARN_INFINITE_RECURSION = YES;
				CLANG_WARN_INT_CONVERSION = YES;
				CLANG_WARN_NON_LITERAL_NULL_CONVERSION = YES;
				CLANG_WARN_OBJC_IMPLICIT_RETAIN_SELF = YES;
				CLANG_WARN_OBJC_LITERAL_CONVERSION = YES;
				CLANG_WARN_OBJC_ROOT_CLASS = YES_ERROR;
				CLANG_WARN_QUOTED_INCLUDE_IN_FRAMEWORK_HEADER = YES;
				CLANG_WARN_RANGE_LOOP_ANALYSIS = YES;
				CLANG_WARN_STRICT_PROTOTYPES = YES;
				CLANG_WARN_SUSPICIOUS_MOVE = YES;
				CLANG_WARN_UNGUARDED_AVAILABILITY = YES_AGGRESSIVE;
				CLANG_WARN_UNREACHABLE_CODE = YES;
				CLANG_WARN__DUPLICATE_METHOD_MATCH = YES;
				COPY_PHASE_STRIP = NO;
				DEBUG_INFORMATION_FORMAT = "dwarf-with-dsym";
				ENABLE_NS_ASSERTIONS = NO;
				ENABLE_STRICT_OBJC_MSGSEND = YES;
				GCC_C_LANGUAGE_STANDARD = gnu11;
				GCC_NO_COMMON_BLOCKS = YES;
				GCC_WARN_64_TO_32_BIT_CONVERSION = YES;
				GCC_WARN_ABOUT_RETURN_TYPE = YES_ERROR;
				GCC_WARN_UNDECLARED_SELECTOR = YES;
				GCC_WARN_UNINITIALIZED_AUTOS = YES_AGGRESSIVE;
				GCC_WARN_UNUSED_FUNCTION = YES;
				GCC_WARN_UNUSED_VARIABLE = YES;
				IPHONEOS_DEPLOYMENT_TARGET = 16.0;
				MTL_ENABLE_DEBUG_INFO = NO;
				MTL_FAST_MATH = YES;
				SDKROOT = iphoneos;
				SWIFT_COMPILATION_MODE = wholemodule;
				SWIFT_OPTIMIZATION_LEVEL = "-O";
				VALIDATE_PRODUCT = YES;
			};
			name = Release;
		};
		6CFA738D28E9A4D500F9AF7B /* Debug */ = {
			isa = XCBuildConfiguration;
			buildSettings = {
				ALWAYS_EMBED_SWIFT_STANDARD_LIBRARIES = YES;
				ASSETCATALOG_COMPILER_APPICON_NAME = AppIcon;
				ASSETCATALOG_COMPILER_GLOBAL_ACCENT_COLOR_NAME = AccentColor;
				CODE_SIGN_ENTITLEMENTS = "WorldCup 2022 Countdown Widgets/WorldCup 2022 Countdown Widgets.entitlements";
				CODE_SIGN_STYLE = Automatic;
				CURRENT_PROJECT_VERSION = 1;
				DEVELOPMENT_ASSET_PATHS = "\"WorldCup 2022 Countdown Widgets/Preview Content\"";
				DEVELOPMENT_TEAM = A3H2F8CC68;
				ENABLE_PREVIEWS = YES;
				GENERATE_INFOPLIST_FILE = YES;
				INFOPLIST_FILE = "WorldCup-2022-Countdown-Widgets-Info.plist";
				INFOPLIST_KEY_LSApplicationCategoryType = "public.app-category.sports";
				INFOPLIST_KEY_UIApplicationSceneManifest_Generation = YES;
				INFOPLIST_KEY_UIApplicationSupportsIndirectInputEvents = YES;
				INFOPLIST_KEY_UILaunchScreen_Generation = YES;
				INFOPLIST_KEY_UISupportedInterfaceOrientations_iPad = "UIInterfaceOrientationPortrait UIInterfaceOrientationPortraitUpsideDown UIInterfaceOrientationLandscapeLeft UIInterfaceOrientationLandscapeRight";
				INFOPLIST_KEY_UISupportedInterfaceOrientations_iPhone = "UIInterfaceOrientationPortrait UIInterfaceOrientationLandscapeLeft UIInterfaceOrientationLandscapeRight";
				LD_RUNPATH_SEARCH_PATHS = (
					"$(inherited)",
					"@executable_path/Frameworks",
				);
				MARKETING_VERSION = 1.0;
				PRODUCT_BUNDLE_IDENTIFIER = "com.pankajgaikar.WorldCup-2022-Countdown-Widgets";
				PRODUCT_NAME = "$(TARGET_NAME)";
				SWIFT_EMIT_LOC_STRINGS = YES;
				SWIFT_VERSION = 5.0;
				TARGETED_DEVICE_FAMILY = "1,2";
			};
			name = Debug;
		};
		6CFA738E28E9A4D500F9AF7B /* Release */ = {
			isa = XCBuildConfiguration;
			buildSettings = {
				ALWAYS_EMBED_SWIFT_STANDARD_LIBRARIES = YES;
				ASSETCATALOG_COMPILER_APPICON_NAME = AppIcon;
				ASSETCATALOG_COMPILER_GLOBAL_ACCENT_COLOR_NAME = AccentColor;
				CODE_SIGN_ENTITLEMENTS = "WorldCup 2022 Countdown Widgets/WorldCup 2022 Countdown Widgets.entitlements";
				CODE_SIGN_STYLE = Automatic;
				CURRENT_PROJECT_VERSION = 1;
				DEVELOPMENT_ASSET_PATHS = "\"WorldCup 2022 Countdown Widgets/Preview Content\"";
				DEVELOPMENT_TEAM = A3H2F8CC68;
				ENABLE_PREVIEWS = YES;
				GENERATE_INFOPLIST_FILE = YES;
				INFOPLIST_FILE = "WorldCup-2022-Countdown-Widgets-Info.plist";
				INFOPLIST_KEY_LSApplicationCategoryType = "public.app-category.sports";
				INFOPLIST_KEY_UIApplicationSceneManifest_Generation = YES;
				INFOPLIST_KEY_UIApplicationSupportsIndirectInputEvents = YES;
				INFOPLIST_KEY_UILaunchScreen_Generation = YES;
				INFOPLIST_KEY_UISupportedInterfaceOrientations_iPad = "UIInterfaceOrientationPortrait UIInterfaceOrientationPortraitUpsideDown UIInterfaceOrientationLandscapeLeft UIInterfaceOrientationLandscapeRight";
				INFOPLIST_KEY_UISupportedInterfaceOrientations_iPhone = "UIInterfaceOrientationPortrait UIInterfaceOrientationLandscapeLeft UIInterfaceOrientationLandscapeRight";
				LD_RUNPATH_SEARCH_PATHS = (
					"$(inherited)",
					"@executable_path/Frameworks",
				);
				MARKETING_VERSION = 1.0;
				PRODUCT_BUNDLE_IDENTIFIER = "com.pankajgaikar.WorldCup-2022-Countdown-Widgets";
				PRODUCT_NAME = "$(TARGET_NAME)";
				SWIFT_EMIT_LOC_STRINGS = YES;
				SWIFT_VERSION = 5.0;
				TARGETED_DEVICE_FAMILY = "1,2";
			};
			name = Release;
		};
		6CFA739028E9A4D500F9AF7B /* Debug */ = {
			isa = XCBuildConfiguration;
			buildSettings = {
				ALWAYS_EMBED_SWIFT_STANDARD_LIBRARIES = YES;
				BUNDLE_LOADER = "$(TEST_HOST)";
				CODE_SIGN_STYLE = Automatic;
				CURRENT_PROJECT_VERSION = 1;
				DEVELOPMENT_TEAM = A3H2F8CC68;
				GENERATE_INFOPLIST_FILE = YES;
				IPHONEOS_DEPLOYMENT_TARGET = 16.0;
				MARKETING_VERSION = 1.0;
				PRODUCT_BUNDLE_IDENTIFIER = "com.pankajgaikar.WorldCup-2022-Countdown-WidgetsTests";
				PRODUCT_NAME = "$(TARGET_NAME)";
				SWIFT_EMIT_LOC_STRINGS = NO;
				SWIFT_VERSION = 5.0;
				TARGETED_DEVICE_FAMILY = "1,2";
				TEST_HOST = "$(BUILT_PRODUCTS_DIR)/WorldCup 2022 Countdown Widgets.app/$(BUNDLE_EXECUTABLE_FOLDER_PATH)/WorldCup 2022 Countdown Widgets";
			};
			name = Debug;
		};
		6CFA739128E9A4D500F9AF7B /* Release */ = {
			isa = XCBuildConfiguration;
			buildSettings = {
				ALWAYS_EMBED_SWIFT_STANDARD_LIBRARIES = YES;
				BUNDLE_LOADER = "$(TEST_HOST)";
				CODE_SIGN_STYLE = Automatic;
				CURRENT_PROJECT_VERSION = 1;
				DEVELOPMENT_TEAM = A3H2F8CC68;
				GENERATE_INFOPLIST_FILE = YES;
				IPHONEOS_DEPLOYMENT_TARGET = 16.0;
				MARKETING_VERSION = 1.0;
				PRODUCT_BUNDLE_IDENTIFIER = "com.pankajgaikar.WorldCup-2022-Countdown-WidgetsTests";
				PRODUCT_NAME = "$(TARGET_NAME)";
				SWIFT_EMIT_LOC_STRINGS = NO;
				SWIFT_VERSION = 5.0;
				TARGETED_DEVICE_FAMILY = "1,2";
				TEST_HOST = "$(BUILT_PRODUCTS_DIR)/WorldCup 2022 Countdown Widgets.app/$(BUNDLE_EXECUTABLE_FOLDER_PATH)/WorldCup 2022 Countdown Widgets";
			};
			name = Release;
		};
		6CFA739328E9A4D500F9AF7B /* Debug */ = {
			isa = XCBuildConfiguration;
			buildSettings = {
				ALWAYS_EMBED_SWIFT_STANDARD_LIBRARIES = YES;
				CODE_SIGN_STYLE = Automatic;
				CURRENT_PROJECT_VERSION = 1;
				DEVELOPMENT_TEAM = A3H2F8CC68;
				GENERATE_INFOPLIST_FILE = YES;
				MARKETING_VERSION = 1.0;
				PRODUCT_BUNDLE_IDENTIFIER = "com.pankajgaikar.WorldCup-2022-Countdown-WidgetsUITests";
				PRODUCT_NAME = "$(TARGET_NAME)";
				SWIFT_EMIT_LOC_STRINGS = NO;
				SWIFT_VERSION = 5.0;
				TARGETED_DEVICE_FAMILY = "1,2";
				TEST_TARGET_NAME = "WorldCup 2022 Countdown Widgets";
			};
			name = Debug;
		};
		6CFA739428E9A4D500F9AF7B /* Release */ = {
			isa = XCBuildConfiguration;
			buildSettings = {
				ALWAYS_EMBED_SWIFT_STANDARD_LIBRARIES = YES;
				CODE_SIGN_STYLE = Automatic;
				CURRENT_PROJECT_VERSION = 1;
				DEVELOPMENT_TEAM = A3H2F8CC68;
				GENERATE_INFOPLIST_FILE = YES;
				MARKETING_VERSION = 1.0;
				PRODUCT_BUNDLE_IDENTIFIER = "com.pankajgaikar.WorldCup-2022-Countdown-WidgetsUITests";
				PRODUCT_NAME = "$(TARGET_NAME)";
				SWIFT_EMIT_LOC_STRINGS = NO;
				SWIFT_VERSION = 5.0;
				TARGETED_DEVICE_FAMILY = "1,2";
				TEST_TARGET_NAME = "WorldCup 2022 Countdown Widgets";
			};
			name = Release;
		};
/* End XCBuildConfiguration section */

/* Begin XCConfigurationList section */
		6C11693828F49302000A0D65 /* Build configuration list for PBXNativeTarget "WorldCupCountdownExtension" */ = {
			isa = XCConfigurationList;
			buildConfigurations = (
				6C11693928F49302000A0D65 /* Debug */,
				6C11693A28F49302000A0D65 /* Release */,
			);
			defaultConfigurationIsVisible = 0;
			defaultConfigurationName = Release;
		};
		6C11694828F49437000A0D65 /* Build configuration list for PBXNativeTarget "WorldCupIntent" */ = {
			isa = XCConfigurationList;
			buildConfigurations = (
				6C11694928F49437000A0D65 /* Debug */,
				6C11694A28F49437000A0D65 /* Release */,
			);
			defaultConfigurationIsVisible = 0;
			defaultConfigurationName = Release;
		};
		6CFA736328E9A4D300F9AF7B /* Build configuration list for PBXProject "WorldCup 2022 Countdown Widgets" */ = {
			isa = XCConfigurationList;
			buildConfigurations = (
				6CFA738A28E9A4D500F9AF7B /* Debug */,
				6CFA738B28E9A4D500F9AF7B /* Release */,
			);
			defaultConfigurationIsVisible = 0;
			defaultConfigurationName = Release;
		};
		6CFA738C28E9A4D500F9AF7B /* Build configuration list for PBXNativeTarget "WorldCup 2022 Countdown Widgets" */ = {
			isa = XCConfigurationList;
			buildConfigurations = (
				6CFA738D28E9A4D500F9AF7B /* Debug */,
				6CFA738E28E9A4D500F9AF7B /* Release */,
			);
			defaultConfigurationIsVisible = 0;
			defaultConfigurationName = Release;
		};
		6CFA738F28E9A4D500F9AF7B /* Build configuration list for PBXNativeTarget "WorldCup 2022 Countdown WidgetsTests" */ = {
			isa = XCConfigurationList;
			buildConfigurations = (
				6CFA739028E9A4D500F9AF7B /* Debug */,
				6CFA739128E9A4D500F9AF7B /* Release */,
			);
			defaultConfigurationIsVisible = 0;
			defaultConfigurationName = Release;
		};
		6CFA739228E9A4D500F9AF7B /* Build configuration list for PBXNativeTarget "WorldCup 2022 Countdown WidgetsUITests" */ = {
			isa = XCConfigurationList;
			buildConfigurations = (
				6CFA739328E9A4D500F9AF7B /* Debug */,
				6CFA739428E9A4D500F9AF7B /* Release */,
			);
			defaultConfigurationIsVisible = 0;
			defaultConfigurationName = Release;
		};
/* End XCConfigurationList section */

/* Begin XCRemoteSwiftPackageReference section */
		6C1168CE28F48A74000A0D65 /* XCRemoteSwiftPackageReference "firebase-ios-sdk" */ = {
			isa = XCRemoteSwiftPackageReference;
			repositoryURL = "https://github.com/firebase/firebase-ios-sdk.git";
			requirement = {
				kind = upToNextMajorVersion;
				minimumVersion = 9.0.0;
			};
		};
		6C626BAB28FA08290002BA15 /* XCRemoteSwiftPackageReference "UserDefaultsStore" */ = {
			isa = XCRemoteSwiftPackageReference;
			repositoryURL = "https://github.com/omaralbeik/UserDefaultsStore";
			requirement = {
				kind = upToNextMajorVersion;
				minimumVersion = 3.0.0;
			};
		};
		6CA784F028F89732003780CC /* XCRemoteSwiftPackageReference "SDWebImageSwiftUI" */ = {
			isa = XCRemoteSwiftPackageReference;
			repositoryURL = "https://github.com/SDWebImage/SDWebImageSwiftUI.git";
			requirement = {
				branch = master;
				kind = branch;
			};
		};
/* End XCRemoteSwiftPackageReference section */

/* Begin XCSwiftPackageProductDependency section */
		6C1168CF28F48A74000A0D65 /* FirebaseAnalyticsWithoutAdIdSupport */ = {
			isa = XCSwiftPackageProductDependency;
			package = 6C1168CE28F48A74000A0D65 /* XCRemoteSwiftPackageReference "firebase-ios-sdk" */;
			productName = FirebaseAnalyticsWithoutAdIdSupport;
		};
		6C626BAC28FA08290002BA15 /* UserDefaultsStore */ = {
			isa = XCSwiftPackageProductDependency;
			package = 6C626BAB28FA08290002BA15 /* XCRemoteSwiftPackageReference "UserDefaultsStore" */;
			productName = UserDefaultsStore;
		};
		6CA784CF28F88A2C003780CC /* FirebaseAnalyticsWithoutAdIdSupport */ = {
			isa = XCSwiftPackageProductDependency;
			package = 6C1168CE28F48A74000A0D65 /* XCRemoteSwiftPackageReference "firebase-ios-sdk" */;
			productName = FirebaseAnalyticsWithoutAdIdSupport;
		};
		6CA784D928F88BEA003780CC /* FirebaseFirestoreSwift */ = {
			isa = XCSwiftPackageProductDependency;
			package = 6C1168CE28F48A74000A0D65 /* XCRemoteSwiftPackageReference "firebase-ios-sdk" */;
			productName = FirebaseFirestoreSwift;
		};
		6CA784DB28F88BF3003780CC /* FirebaseFirestoreSwift */ = {
			isa = XCSwiftPackageProductDependency;
			package = 6C1168CE28F48A74000A0D65 /* XCRemoteSwiftPackageReference "firebase-ios-sdk" */;
			productName = FirebaseFirestoreSwift;
		};
		6CA784F128F89732003780CC /* SDWebImageSwiftUI */ = {
			isa = XCSwiftPackageProductDependency;
			package = 6CA784F028F89732003780CC /* XCRemoteSwiftPackageReference "SDWebImageSwiftUI" */;
			productName = SDWebImageSwiftUI;
		};
/* End XCSwiftPackageProductDependency section */
	};
	rootObject = 6CFA736028E9A4D300F9AF7B /* Project object */;
}
